READBACK_START
FILE: .env
REACT_APP_SUPABASE_URL=https://nlzykbtuyoqfdnqtxdyh.supabase.co
REACT_APP_SUPABASE_KEY=eyJhbGciOiJIUzI1NiIsInR5cCI6IkpXVCJ9.eyJpc3MiOiJzdXBhYmFzZSIsInJlZiI6Im5senlrYnR1eW9xZmRucXR4ZHloIiwicm9sZSI6ImFub24iLCJpYXQiOjE3NjA2MTY3MzIsImV4cCI6MjA3NjE5MjczMn0.FoeX0TRV6IkcRcYjYsunq1sqFrcLeHV8mcY1UrLeOec

FILE: .env.example
# Only Supabase variables are required for this app.
# Provide your Supabase project URL and anon/public key below.

REACT_APP_SUPABASE_URL=
REACT_APP_SUPABASE_KEY=
READBACK_END
